// !$*UTF8*$!
{
	archiveVersion = 1;
	classes = {
	};
	objectVersion = 48;
	objects = {

/* Begin PBXBuildFile section */
		05AF6909E682D967C3EEB3B6 /* Pods_BuddyBuilderTest.framework in Frameworks */ = {isa = PBXBuildFile; fileRef = A5833BB4296DD10B8ED0DA70 /* Pods_BuddyBuilderTest.framework */; };
		FA7ED81B1FC60BB70078EBDA /* AppDelegate.swift in Sources */ = {isa = PBXBuildFile; fileRef = FA7ED81A1FC60BB70078EBDA /* AppDelegate.swift */; };
		FA7ED81D1FC60BB70078EBDA /* MasterViewController.swift in Sources */ = {isa = PBXBuildFile; fileRef = FA7ED81C1FC60BB70078EBDA /* MasterViewController.swift */; };
		FA7ED81F1FC60BB70078EBDA /* DetailViewController.swift in Sources */ = {isa = PBXBuildFile; fileRef = FA7ED81E1FC60BB70078EBDA /* DetailViewController.swift */; };
		FA7ED8221FC60BB70078EBDA /* Main.storyboard in Resources */ = {isa = PBXBuildFile; fileRef = FA7ED8201FC60BB70078EBDA /* Main.storyboard */; };
		FA7ED8241FC60BB70078EBDA /* Assets.xcassets in Resources */ = {isa = PBXBuildFile; fileRef = FA7ED8231FC60BB70078EBDA /* Assets.xcassets */; };
		FA7ED8271FC60BB70078EBDA /* LaunchScreen.storyboard in Resources */ = {isa = PBXBuildFile; fileRef = FA7ED8251FC60BB70078EBDA /* LaunchScreen.storyboard */; };
/* End PBXBuildFile section */

/* Begin PBXFileReference section */
		A5833BB4296DD10B8ED0DA70 /* Pods_BuddyBuilderTest.framework */ = {isa = PBXFileReference; explicitFileType = wrapper.framework; includeInIndex = 0; path = Pods_BuddyBuilderTest.framework; sourceTree = BUILT_PRODUCTS_DIR; };
		DC1D226D7ABD9CFD6C568A58 /* Pods-BuddyBuilderTest.release.xcconfig */ = {isa = PBXFileReference; includeInIndex = 1; lastKnownFileType = text.xcconfig; name = "Pods-BuddyBuilderTest.release.xcconfig"; path = "Pods/Target Support Files/Pods-BuddyBuilderTest/Pods-BuddyBuilderTest.release.xcconfig"; sourceTree = "<group>"; };
		F6287099BE36B977861F3533 /* Pods-BuddyBuilderTest.debug.xcconfig */ = {isa = PBXFileReference; includeInIndex = 1; lastKnownFileType = text.xcconfig; name = "Pods-BuddyBuilderTest.debug.xcconfig"; path = "Pods/Target Support Files/Pods-BuddyBuilderTest/Pods-BuddyBuilderTest.debug.xcconfig"; sourceTree = "<group>"; };
		FA7ED8171FC60BB70078EBDA /* BuddyBuilderTest.app */ = {isa = PBXFileReference; explicitFileType = wrapper.application; includeInIndex = 0; path = BuddyBuilderTest.app; sourceTree = BUILT_PRODUCTS_DIR; };
		FA7ED81A1FC60BB70078EBDA /* AppDelegate.swift */ = {isa = PBXFileReference; lastKnownFileType = sourcecode.swift; path = AppDelegate.swift; sourceTree = "<group>"; };
		FA7ED81C1FC60BB70078EBDA /* MasterViewController.swift */ = {isa = PBXFileReference; lastKnownFileType = sourcecode.swift; path = MasterViewController.swift; sourceTree = "<group>"; };
		FA7ED81E1FC60BB70078EBDA /* DetailViewController.swift */ = {isa = PBXFileReference; lastKnownFileType = sourcecode.swift; path = DetailViewController.swift; sourceTree = "<group>"; };
		FA7ED8211FC60BB70078EBDA /* Base */ = {isa = PBXFileReference; lastKnownFileType = file.storyboard; name = Base; path = Base.lproj/Main.storyboard; sourceTree = "<group>"; };
		FA7ED8231FC60BB70078EBDA /* Assets.xcassets */ = {isa = PBXFileReference; lastKnownFileType = folder.assetcatalog; path = Assets.xcassets; sourceTree = "<group>"; };
		FA7ED8261FC60BB70078EBDA /* Base */ = {isa = PBXFileReference; lastKnownFileType = file.storyboard; name = Base; path = Base.lproj/LaunchScreen.storyboard; sourceTree = "<group>"; };
		FA7ED8281FC60BB70078EBDA /* Info.plist */ = {isa = PBXFileReference; lastKnownFileType = text.plist.xml; path = Info.plist; sourceTree = "<group>"; };
/* End PBXFileReference section */

/* Begin PBXFrameworksBuildPhase section */
		FA7ED8141FC60BB70078EBDA /* Frameworks */ = {
			isa = PBXFrameworksBuildPhase;
			buildActionMask = 2147483647;
			files = (
				05AF6909E682D967C3EEB3B6 /* Pods_BuddyBuilderTest.framework in Frameworks */,
			);
			runOnlyForDeploymentPostprocessing = 0;
		};
/* End PBXFrameworksBuildPhase section */

/* Begin PBXGroup section */
		5F1C4A15EA61816B0A5A7FC9 /* Pods */ = {
			isa = PBXGroup;
			children = (
				F6287099BE36B977861F3533 /* Pods-BuddyBuilderTest.debug.xcconfig */,
				DC1D226D7ABD9CFD6C568A58 /* Pods-BuddyBuilderTest.release.xcconfig */,
			);
			name = Pods;
			sourceTree = "<group>";
		};
		BE8B02F40881F5683C4F20E0 /* Frameworks */ = {
			isa = PBXGroup;
			children = (
				A5833BB4296DD10B8ED0DA70 /* Pods_BuddyBuilderTest.framework */,
			);
			name = Frameworks;
			sourceTree = "<group>";
		};
		FA7ED80E1FC60BB70078EBDA = {
			isa = PBXGroup;
			children = (
				FA7ED8191FC60BB70078EBDA /* BuddyBuilderTest */,
				FA7ED8181FC60BB70078EBDA /* Products */,
				5F1C4A15EA61816B0A5A7FC9 /* Pods */,
				BE8B02F40881F5683C4F20E0 /* Frameworks */,
			);
			sourceTree = "<group>";
		};
		FA7ED8181FC60BB70078EBDA /* Products */ = {
			isa = PBXGroup;
			children = (
				FA7ED8171FC60BB70078EBDA /* BuddyBuilderTest.app */,
			);
			name = Products;
			sourceTree = "<group>";
		};
		FA7ED8191FC60BB70078EBDA /* BuddyBuilderTest */ = {
			isa = PBXGroup;
			children = (
				FA7ED81A1FC60BB70078EBDA /* AppDelegate.swift */,
				FA7ED81C1FC60BB70078EBDA /* MasterViewController.swift */,
				FA7ED81E1FC60BB70078EBDA /* DetailViewController.swift */,
				FA7ED8201FC60BB70078EBDA /* Main.storyboard */,
				FA7ED8231FC60BB70078EBDA /* Assets.xcassets */,
				FA7ED8251FC60BB70078EBDA /* LaunchScreen.storyboard */,
				FA7ED8281FC60BB70078EBDA /* Info.plist */,
			);
			path = BuddyBuilderTest;
			sourceTree = "<group>";
		};
/* End PBXGroup section */

/* Begin PBXNativeTarget section */
		FA7ED8161FC60BB70078EBDA /* BuddyBuilderTest */ = {
			isa = PBXNativeTarget;
			buildConfigurationList = FA7ED82B1FC60BB70078EBDA /* Build configuration list for PBXNativeTarget "BuddyBuilderTest" */;
			buildPhases = (
				E657897DEBE3AD3540632FE7 /* [CP] Check Pods Manifest.lock */,
				FA7ED8131FC60BB70078EBDA /* Sources */,
				FA7ED8141FC60BB70078EBDA /* Frameworks */,
				FA7ED8151FC60BB70078EBDA /* Resources */,
				3ACA6CC55AD76FCC653D2B3A /* [CP] Embed Pods Frameworks */,
				9C72B147964121E5E059FDC0 /* [CP] Copy Pods Resources */,
			);
			buildRules = (
			);
			dependencies = (
			);
			name = BuddyBuilderTest;
			productName = BuddyBuilderTest;
			productReference = FA7ED8171FC60BB70078EBDA /* BuddyBuilderTest.app */;
			productType = "com.apple.product-type.application";
		};
/* End PBXNativeTarget section */

/* Begin PBXProject section */
		FA7ED80F1FC60BB70078EBDA /* Project object */ = {
			isa = PBXProject;
			attributes = {
				LastSwiftUpdateCheck = 0910;
				LastUpgradeCheck = 0910;
				ORGANIZATIONNAME = "The Public Group";
				TargetAttributes = {
					FA7ED8161FC60BB70078EBDA = {
						CreatedOnToolsVersion = 9.1;
						ProvisioningStyle = Automatic;
					};
				};
			};
			buildConfigurationList = FA7ED8121FC60BB70078EBDA /* Build configuration list for PBXProject "BuddyBuilderTest" */;
			compatibilityVersion = "Xcode 8.0";
			developmentRegion = en;
			hasScannedForEncodings = 0;
			knownRegions = (
				en,
				Base,
			);
			mainGroup = FA7ED80E1FC60BB70078EBDA;
			productRefGroup = FA7ED8181FC60BB70078EBDA /* Products */;
			projectDirPath = "";
			projectRoot = "";
			targets = (
				FA7ED8161FC60BB70078EBDA /* BuddyBuilderTest */,
			);
		};
/* End PBXProject section */

/* Begin PBXResourcesBuildPhase section */
		FA7ED8151FC60BB70078EBDA /* Resources */ = {
			isa = PBXResourcesBuildPhase;
			buildActionMask = 2147483647;
			files = (
				FA7ED8271FC60BB70078EBDA /* LaunchScreen.storyboard in Resources */,
				FA7ED8241FC60BB70078EBDA /* Assets.xcassets in Resources */,
				FA7ED8221FC60BB70078EBDA /* Main.storyboard in Resources */,
			);
			runOnlyForDeploymentPostprocessing = 0;
		};
/* End PBXResourcesBuildPhase section */

/* Begin PBXShellScriptBuildPhase section */
		3ACA6CC55AD76FCC653D2B3A /* [CP] Embed Pods Frameworks */ = {
			isa = PBXShellScriptBuildPhase;
			buildActionMask = 2147483647;
			files = (
			);
			inputPaths = (
			);
			name = "[CP] Embed Pods Frameworks";
			outputPaths = (
			);
			runOnlyForDeploymentPostprocessing = 0;
			shellPath = /bin/sh;
			shellScript = "\"${SRCROOT}/Pods/Target Support Files/Pods-BuddyBuilderTest/Pods-BuddyBuilderTest-frameworks.sh\"\n";
			showEnvVarsInLog = 0;
		};
		9C72B147964121E5E059FDC0 /* [CP] Copy Pods Resources */ = {
			isa = PBXShellScriptBuildPhase;
			buildActionMask = 2147483647;
			files = (
			);
			inputPaths = (
			);
			name = "[CP] Copy Pods Resources";
			outputPaths = (
			);
			runOnlyForDeploymentPostprocessing = 0;
			shellPath = /bin/sh;
			shellScript = "\"${SRCROOT}/Pods/Target Support Files/Pods-BuddyBuilderTest/Pods-BuddyBuilderTest-resources.sh\"\n";
			showEnvVarsInLog = 0;
		};
		E657897DEBE3AD3540632FE7 /* [CP] Check Pods Manifest.lock */ = {
			isa = PBXShellScriptBuildPhase;
			buildActionMask = 2147483647;
			files = (
			);
			inputPaths = (
			);
			name = "[CP] Check Pods Manifest.lock";
			outputPaths = (
			);
			runOnlyForDeploymentPostprocessing = 0;
			shellPath = /bin/sh;
			shellScript = "diff \"${PODS_ROOT}/../Podfile.lock\" \"${PODS_ROOT}/Manifest.lock\" > /dev/null\nif [ $? != 0 ] ; then\n    # print error to STDERR\n    echo \"error: The sandbox is not in sync with the Podfile.lock. Run 'pod install' or update your CocoaPods installation.\" >&2\n    exit 1\nfi\n";
			showEnvVarsInLog = 0;
		};
/* End PBXShellScriptBuildPhase section */

/* Begin PBXSourcesBuildPhase section */
		FA7ED8131FC60BB70078EBDA /* Sources */ = {
			isa = PBXSourcesBuildPhase;
			buildActionMask = 2147483647;
			files = (
				FA7ED81F1FC60BB70078EBDA /* DetailViewController.swift in Sources */,
				FA7ED81D1FC60BB70078EBDA /* MasterViewController.swift in Sources */,
				FA7ED81B1FC60BB70078EBDA /* AppDelegate.swift in Sources */,
			);
			runOnlyForDeploymentPostprocessing = 0;
		};
/* End PBXSourcesBuildPhase section */

/* Begin PBXVariantGroup section */
		FA7ED8201FC60BB70078EBDA /* Main.storyboard */ = {
			isa = PBXVariantGroup;
			children = (
				FA7ED8211FC60BB70078EBDA /* Base */,
			);
			name = Main.storyboard;
			sourceTree = "<group>";
		};
		FA7ED8251FC60BB70078EBDA /* LaunchScreen.storyboard */ = {
			isa = PBXVariantGroup;
			children = (
				FA7ED8261FC60BB70078EBDA /* Base */,
			);
			name = LaunchScreen.storyboard;
			sourceTree = "<group>";
		};
/* End PBXVariantGroup section */

/* Begin XCBuildConfiguration section */
		FA7ED8291FC60BB70078EBDA /* Debug */ = {
			isa = XCBuildConfiguration;
			buildSettings = {
				ALWAYS_SEARCH_USER_PATHS = NO;
				CLANG_ANALYZER_NONNULL = YES;
				CLANG_ANALYZER_NUMBER_OBJECT_CONVERSION = YES_AGGRESSIVE;
				CLANG_CXX_LANGUAGE_STANDARD = "gnu++14";
				CLANG_CXX_LIBRARY = "libc++";
				CLANG_ENABLE_MODULES = YES;
				CLANG_ENABLE_OBJC_ARC = YES;
				CLANG_WARN_BLOCK_CAPTURE_AUTORELEASING = YES;
				CLANG_WARN_BOOL_CONVERSION = YES;
				CLANG_WARN_COMMA = YES;
				CLANG_WARN_CONSTANT_CONVERSION = YES;
				CLANG_WARN_DIRECT_OBJC_ISA_USAGE = YES_ERROR;
				CLANG_WARN_DOCUMENTATION_COMMENTS = YES;
				CLANG_WARN_EMPTY_BODY = YES;
				CLANG_WARN_ENUM_CONVERSION = YES;
				CLANG_WARN_INFINITE_RECURSION = YES;
				CLANG_WARN_INT_CONVERSION = YES;
				CLANG_WARN_NON_LITERAL_NULL_CONVERSION = YES;
				CLANG_WARN_OBJC_LITERAL_CONVERSION = YES;
				CLANG_WARN_OBJC_ROOT_CLASS = YES_ERROR;
				CLANG_WARN_RANGE_LOOP_ANALYSIS = YES;
				CLANG_WARN_STRICT_PROTOTYPES = YES;
				CLANG_WARN_SUSPICIOUS_MOVE = YES;
				CLANG_WARN_UNGUARDED_AVAILABILITY = YES_AGGRESSIVE;
				CLANG_WARN_UNREACHABLE_CODE = YES;
				CLANG_WARN__DUPLICATE_METHOD_MATCH = YES;
				CODE_SIGN_IDENTITY = "iPhone Developer";
				COPY_PHASE_STRIP = NO;
				DEBUG_INFORMATION_FORMAT = dwarf;
				ENABLE_STRICT_OBJC_MSGSEND = YES;
				ENABLE_TESTABILITY = YES;
				GCC_C_LANGUAGE_STANDARD = gnu11;
				GCC_DYNAMIC_NO_PIC = NO;
				GCC_NO_COMMON_BLOCKS = YES;
				GCC_OPTIMIZATION_LEVEL = 0;
				GCC_PREPROCESSOR_DEFINITIONS = (
					"DEBUG=1",
					"$(inherited)",
				);
				GCC_WARN_64_TO_32_BIT_CONVERSION = YES;
				GCC_WARN_ABOUT_RETURN_TYPE = YES_ERROR;
				GCC_WARN_UNDECLARED_SELECTOR = YES;
				GCC_WARN_UNINITIALIZED_AUTOS = YES_AGGRESSIVE;
				GCC_WARN_UNUSED_FUNCTION = YES;
				GCC_WARN_UNUSED_VARIABLE = YES;
				IPHONEOS_DEPLOYMENT_TARGET = 11.1;
				MTL_ENABLE_DEBUG_INFO = YES;
				ONLY_ACTIVE_ARCH = YES;
				SDKROOT = iphoneos;
				SWIFT_ACTIVE_COMPILATION_CONDITIONS = DEBUG;
				SWIFT_OPTIMIZATION_LEVEL = "-Onone";
			};
			name = Debug;
		};
		FA7ED82A1FC60BB70078EBDA /* Release */ = {
			isa = XCBuildConfiguration;
			buildSettings = {
				ALWAYS_SEARCH_USER_PATHS = NO;
				CLANG_ANALYZER_NONNULL = YES;
				CLANG_ANALYZER_NUMBER_OBJECT_CONVERSION = YES_AGGRESSIVE;
				CLANG_CXX_LANGUAGE_STANDARD = "gnu++14";
				CLANG_CXX_LIBRARY = "libc++";
				CLANG_ENABLE_MODULES = YES;
				CLANG_ENABLE_OBJC_ARC = YES;
				CLANG_WARN_BLOCK_CAPTURE_AUTORELEASING = YES;
				CLANG_WARN_BOOL_CONVERSION = YES;
				CLANG_WARN_COMMA = YES;
				CLANG_WARN_CONSTANT_CONVERSION = YES;
				CLANG_WARN_DIRECT_OBJC_ISA_USAGE = YES_ERROR;
				CLANG_WARN_DOCUMENTATION_COMMENTS = YES;
				CLANG_WARN_EMPTY_BODY = YES;
				CLANG_WARN_ENUM_CONVERSION = YES;
				CLANG_WARN_INFINITE_RECURSION = YES;
				CLANG_WARN_INT_CONVERSION = YES;
				CLANG_WARN_NON_LITERAL_NULL_CONVERSION = YES;
				CLANG_WARN_OBJC_LITERAL_CONVERSION = YES;
				CLANG_WARN_OBJC_ROOT_CLASS = YES_ERROR;
				CLANG_WARN_RANGE_LOOP_ANALYSIS = YES;
				CLANG_WARN_STRICT_PROTOTYPES = YES;
				CLANG_WARN_SUSPICIOUS_MOVE = YES;
				CLANG_WARN_UNGUARDED_AVAILABILITY = YES_AGGRESSIVE;
				CLANG_WARN_UNREACHABLE_CODE = YES;
				CLANG_WARN__DUPLICATE_METHOD_MATCH = YES;
				CODE_SIGN_IDENTITY = "iPhone Developer";
				COPY_PHASE_STRIP = NO;
				DEBUG_INFORMATION_FORMAT = "dwarf-with-dsym";
				ENABLE_NS_ASSERTIONS = NO;
				ENABLE_STRICT_OBJC_MSGSEND = YES;
				GCC_C_LANGUAGE_STANDARD = gnu11;
				GCC_NO_COMMON_BLOCKS = YES;
				GCC_WARN_64_TO_32_BIT_CONVERSION = YES;
				GCC_WARN_ABOUT_RETURN_TYPE = YES_ERROR;
				GCC_WARN_UNDECLARED_SELECTOR = YES;
				GCC_WARN_UNINITIALIZED_AUTOS = YES_AGGRESSIVE;
				GCC_WARN_UNUSED_FUNCTION = YES;
				GCC_WARN_UNUSED_VARIABLE = YES;
				IPHONEOS_DEPLOYMENT_TARGET = 11.1;
				MTL_ENABLE_DEBUG_INFO = NO;
				SDKROOT = iphoneos;
				SWIFT_OPTIMIZATION_LEVEL = "-Owholemodule";
				VALIDATE_PRODUCT = YES;
			};
			name = Release;
		};
		FA7ED82C1FC60BB70078EBDA /* Debug */ = {
			isa = XCBuildConfiguration;
			baseConfigurationReference = F6287099BE36B977861F3533 /* Pods-BuddyBuilderTest.debug.xcconfig */;
			buildSettings = {
				ASSETCATALOG_COMPILER_APPICON_NAME = AppIcon;
				CODE_SIGN_STYLE = Automatic;
				DEVELOPMENT_TEAM = 572NGEE757;
				INFOPLIST_FILE = BuddyBuilderTest/Info.plist;
				LD_RUNPATH_SEARCH_PATHS = "$(inherited) @executable_path/Frameworks";
				PRODUCT_BUNDLE_IDENTIFIER = com.webcat.tpg.mac.BuddyBuilderTest;
				PRODUCT_NAME = "$(TARGET_NAME)";
				SWIFT_VERSION = 4.0;
				TARGETED_DEVICE_FAMILY = "1,2";
			};
			name = Debug;
		};
		FA7ED82D1FC60BB70078EBDA /* Release */ = {
			isa = XCBuildConfiguration;
			baseConfigurationReference = DC1D226D7ABD9CFD6C568A58 /* Pods-BuddyBuilderTest.release.xcconfig */;
			buildSettings = {
				ASSETCATALOG_COMPILER_APPICON_NAME = AppIcon;
				CODE_SIGN_STYLE = Automatic;
				DEVELOPMENT_TEAM = 572NGEE757;
				INFOPLIST_FILE = BuddyBuilderTest/Info.plist;
				LD_RUNPATH_SEARCH_PATHS = "$(inherited) @executable_path/Frameworks";
				PRODUCT_BUNDLE_IDENTIFIER = com.webcat.tpg.mac.BuddyBuilderTest;
				PRODUCT_NAME = "$(TARGET_NAME)";
				SWIFT_VERSION = 4.0;
				TARGETED_DEVICE_FAMILY = "1,2";
			};
			name = Release;
		};
/* End XCBuildConfiguration section */

/* Begin XCConfigurationList section */
		FA7ED8121FC60BB70078EBDA /* Build configuration list for PBXProject "BuddyBuilderTest" */ = {
			isa = XCConfigurationList;
			buildConfigurations = (
				FA7ED8291FC60BB70078EBDA /* Debug */,
				FA7ED82A1FC60BB70078EBDA /* Release */,
			);
			defaultConfigurationIsVisible = 0;
			defaultConfigurationName = Release;
		};
		FA7ED82B1FC60BB70078EBDA /* Build configuration list for PBXNativeTarget "BuddyBuilderTest" */ = {
			isa = XCConfigurationList;
			buildConfigurations = (
				FA7ED82C1FC60BB70078EBDA /* Debug */,
				FA7ED82D1FC60BB70078EBDA /* Release */,
			);
			defaultConfigurationIsVisible = 0;
			defaultConfigurationName = Release;
		};
/* End XCConfigurationList section */
	};
	rootObject = FA7ED80F1FC60BB70078EBDA /* Project object */;
}
